
Microsoft Visual Studio Solution File, Format Version 12.00
# Visual Studio Version 17
VisualStudioVersion = 17.9.34714.143
MinimumVisualStudioVersion = 10.0.40219.1
Project("{FAE04EC0-301F-11D3-BF4B-00C04F79EFBC}") = "Notes.Android", "Notes\Notes.Android\Notes.Android.csproj", "{0798AD41-55DB-4DB6-8BDA-380B5FFC38F2}"
EndProject
Project("{FAE04EC0-301F-11D3-BF4B-00C04F79EFBC}") = "Notes.iOS", "Notes\Notes.iOS\Notes.iOS.csproj", "{21CC2CD6-7747-4065-B4C4-EE28E1B9AA69}"
EndProject
Project("{FAE04EC0-301F-11D3-BF4B-00C04F79EFBC}") = "Notes", "Notes\Notes\Notes.csproj", "{586CE253-B72F-4254-A96E-EF7D133438BE}"
EndProject
Global
	GlobalSection(SolutionConfigurationPlatforms) = preSolution
		Debug|Any CPU = Debug|Any CPU
		Debug|iPhone = Debug|iPhone
		Debug|iPhoneSimulator = Debug|iPhoneSimulator
		Release|Any CPU = Release|Any CPU
		Release|iPhone = Release|iPhone
		Release|iPhoneSimulator = Release|iPhoneSimulator
	EndGlobalSection
	GlobalSection(ProjectConfigurationPlatforms) = postSolution
		{0798AD41-55DB-4DB6-8BDA-380B5FFC38F2}.Debug|Any CPU.ActiveCfg = Debug|Any CPU
		{0798AD41-55DB-4DB6-8BDA-380B5FFC38F2}.Debug|Any CPU.Build.0 = Debug|Any CPU
		{0798AD41-55DB-4DB6-8BDA-380B5FFC38F2}.Debug|Any CPU.Deploy.0 = Debug|Any CPU
		{0798AD41-55DB-4DB6-8BDA-380B5FFC38F2}.Debug|iPhone.ActiveCfg = Debug|Any CPU
		{0798AD41-55DB-4DB6-8BDA-380B5FFC38F2}.Debug|iPhone.Build.0 = Debug|Any CPU
		{0798AD41-55DB-4DB6-8BDA-380B5FFC38F2}.Debug|iPhone.Deploy.0 = Debug|Any CPU
		{0798AD41-55DB-4DB6-8BDA-380B5FFC38F2}.Debug|iPhoneSimulator.ActiveCfg = Debug|Any CPU
		{0798AD41-55DB-4DB6-8BDA-380B5FFC38F2}.Debug|iPhoneSimulator.Build.0 = Debug|Any CPU
		{0798AD41-55DB-4DB6-8BDA-380B5FFC38F2}.Debug|iPhoneSimulator.Deploy.0 = Debug|Any CPU
		{0798AD41-55DB-4DB6-8BDA-380B5FFC38F2}.Release|Any CPU.ActiveCfg = Release|Any CPU
		{0798AD41-55DB-4DB6-8BDA-380B5FFC38F2}.Release|Any CPU.Build.0 = Release|Any CPU
		{0798AD41-55DB-4DB6-8BDA-380B5FFC38F2}.Release|Any CPU.Deploy.0 = Release|Any CPU
		{0798AD41-55DB-4DB6-8BDA-380B5FFC38F2}.Release|iPhone.ActiveCfg = Release|Any CPU
		{0798AD41-55DB-4DB6-8BDA-380B5FFC38F2}.Release|iPhone.Build.0 = Release|Any CPU
		{0798AD41-55DB-4DB6-8BDA-380B5FFC38F2}.Release|iPhone.Deploy.0 = Release|Any CPU
		{0798AD41-55DB-4DB6-8BDA-380B5FFC38F2}.Release|iPhoneSimulator.ActiveCfg = Release|Any CPU
		{0798AD41-55DB-4DB6-8BDA-380B5FFC38F2}.Release|iPhoneSimulator.Build.0 = Release|Any CPU
		{0798AD41-55DB-4DB6-8BDA-380B5FFC38F2}.Release|iPhoneSimulator.Deploy.0 = Release|Any CPU
		{21CC2CD6-7747-4065-B4C4-EE28E1B9AA69}.Debug|Any CPU.ActiveCfg = Debug|iPhone
		{21CC2CD6-7747-4065-B4C4-EE28E1B9AA69}.Debug|Any CPU.Build.0 = Debug|iPhone
		{21CC2CD6-7747-4065-B4C4-EE28E1B9AA69}.Debug|Any CPU.Deploy.0 = Debug|iPhone
		{21CC2CD6-7747-4065-B4C4-EE28E1B9AA69}.Debug|iPhone.ActiveCfg = Debug|iPhone
		{21CC2CD6-7747-4065-B4C4-EE28E1B9AA69}.Debug|iPhone.Build.0 = Debug|iPhone
		{21CC2CD6-7747-4065-B4C4-EE28E1B9AA69}.Debug|iPhone.Deploy.0 = Debug|iPhone
		{21CC2CD6-7747-4065-B4C4-EE28E1B9AA69}.Debug|iPhoneSimulator.ActiveCfg = Debug|iPhoneSimulator
		{21CC2CD6-7747-4065-B4C4-EE28E1B9AA69}.Debug|iPhoneSimulator.Build.0 = Debug|iPhoneSimulator
		{21CC2CD6-7747-4065-B4C4-EE28E1B9AA69}.Debug|iPhoneSimulator.Deploy.0 = Debug|iPhoneSimulator
		{21CC2CD6-7747-4065-B4C4-EE28E1B9AA69}.Release|Any CPU.ActiveCfg = Release|iPhoneSimulator
		{21CC2CD6-7747-4065-B4C4-EE28E1B9AA69}.Release|Any CPU.Build.0 = Release|iPhoneSimulator
		{21CC2CD6-7747-4065-B4C4-EE28E1B9AA69}.Release|Any CPU.Deploy.0 = Release|iPhoneSimulator
		{21CC2CD6-7747-4065-B4C4-EE28E1B9AA69}.Release|iPhone.ActiveCfg = Release|iPhone
		{21CC2CD6-7747-4065-B4C4-EE28E1B9AA69}.Release|iPhone.Build.0 = Release|iPhone
		{21CC2CD6-7747-4065-B4C4-EE28E1B9AA69}.Release|iPhone.Deploy.0 = Release|iPhone
		{21CC2CD6-7747-4065-B4C4-EE28E1B9AA69}.Release|iPhoneSimulator.ActiveCfg = Release|iPhoneSimulator
		{21CC2CD6-7747-4065-B4C4-EE28E1B9AA69}.Release|iPhoneSimulator.Build.0 = Release|iPhoneSimulator
		{21CC2CD6-7747-4065-B4C4-EE28E1B9AA69}.Release|iPhoneSimulator.Deploy.0 = Release|iPhoneSimulator
		{586CE253-B72F-4254-A96E-EF7D133438BE}.Debug|Any CPU.ActiveCfg = Debug|Any CPU
		{586CE253-B72F-4254-A96E-EF7D133438BE}.Debug|Any CPU.Build.0 = Debug|Any CPU
		{586CE253-B72F-4254-A96E-EF7D133438BE}.Debug|Any CPU.Deploy.0 = Debug|Any CPU
		{586CE253-B72F-4254-A96E-EF7D133438BE}.Debug|iPhone.ActiveCfg = Debug|Any CPU
		{586CE253-B72F-4254-A96E-EF7D133438BE}.Debug|iPhone.Build.0 = Debug|Any CPU
		{586CE253-B72F-4254-A96E-EF7D133438BE}.Debug|iPhone.Deploy.0 = Debug|Any CPU
		{586CE253-B72F-4254-A96E-EF7D133438BE}.Debug|iPhoneSimulator.ActiveCfg = Debug|Any CPU
		{586CE253-B72F-4254-A96E-EF7D133438BE}.Debug|iPhoneSimulator.Build.0 = Debug|Any CPU
		{586CE253-B72F-4254-A96E-EF7D133438BE}.Debug|iPhoneSimulator.Deploy.0 = Debug|Any CPU
		{586CE253-B72F-4254-A96E-EF7D133438BE}.Release|Any CPU.ActiveCfg = Release|Any CPU
		{586CE253-B72F-4254-A96E-EF7D133438BE}.Release|Any CPU.Build.0 = Release|Any CPU
		{586CE253-B72F-4254-A96E-EF7D133438BE}.Release|Any CPU.Deploy.0 = Release|Any CPU
		{586CE253-B72F-4254-A96E-EF7D133438BE}.Release|iPhone.ActiveCfg = Release|Any CPU
		{586CE253-B72F-4254-A96E-EF7D133438BE}.Release|iPhone.Build.0 = Release|Any CPU
		{586CE253-B72F-4254-A96E-EF7D133438BE}.Release|iPhone.Deploy.0 = Release|Any CPU
		{586CE253-B72F-4254-A96E-EF7D133438BE}.Release|iPhoneSimulator.ActiveCfg = Release|Any CPU
		{586CE253-B72F-4254-A96E-EF7D133438BE}.Release|iPhoneSimulator.Build.0 = Release|Any CPU
		{586CE253-B72F-4254-A96E-EF7D133438BE}.Release|iPhoneSimulator.Deploy.0 = Release|Any CPU
	EndGlobalSection
	GlobalSection(SolutionProperties) = preSolution
		HideSolutionNode = FALSE
	EndGlobalSection
	GlobalSection(ExtensibilityGlobals) = postSolution
		SolutionGuid = {9EFFDC08-B246-40ED-AF29-8FF38B8A3A98}
	EndGlobalSection
EndGlobal
